<?xml version="1.0" encoding="UTF-8" standalone="yes" ?>
<CodeBlocks_project_file>
	<FileVersion major="1" minor="6" />
	<Project>
		<Option title="Tile Editor" />
		<Option pch_mode="2" />
		<Option compiler="gcc" />
		<Build>
			<Target title="default">
				<Option output="build/Tile Editor" prefix_auto="1" extension_auto="1" />
				<Option working_dir="build/" />
				<Option object_output="output/" />
				<Option type="0" />
				<Option compiler="gcc" />
				<Compiler>
					<Add directory="include" />
				</Compiler>
				<Linker>
					<Add option="-lalleg" />
					<Add option="-lfmod" />
				</Linker>
			</Target>
		</Build>
		<Linker>
			<Add library="alleg" />
			<Add library="fmod" />
		</Linker>
		<Unit filename="include/defenitions.h" />
		<Unit filename="include/player.h" />
		<Unit filename="include/tile.h" />
		<Unit filename="include/tileMap.h" />
		<Unit filename="res/resources_edit.rc">
			<Option compilerVar="WINDRES" />
		</Unit>
		<Unit filename="src/Editor.cpp" />
		<Unit filename="src/defenitions.cpp" />
		<Unit filename="src/player.cpp" />
		<Unit filename="src/tile.cpp" />
		<Unit filename="src/tileMap.cpp" />
		<Extensions>
			<code_completion />
			<envvars />
			<debugger />
		</Extensions>
	</Project>
</CodeBlocks_project_file>
